
Microsoft Visual Studio Solution File, Format Version 12.00
# Visual Studio 14
VisualStudioVersion = 14.0.23107.0
MinimumVisualStudioVersion = 10.0.40219.1
Project("{2150E333-8FDC-42A3-9474-1A3956D46DE8}") = "Services", "Services", "{3F06E026-C2C3-4A4E-8DD5-768E73EE0C5F}"
EndProject
Project("{FAE04EC0-301F-11D3-BF4B-00C04F79EFBC}") = "LABB1Client", "LABB1Client\LABB1Client.csproj", "{25F78497-4EDF-4547-BB0A-BB9E09BEC8AC}"
	ProjectSection(ProjectDependencies) = postProject
		{8DCA9D00-F52A-4964-BC9A-B4363D368071} = {8DCA9D00-F52A-4964-BC9A-B4363D368071}
		{0553DE28-FFC0-4464-9C7E-BACF0A9DA8D8} = {0553DE28-FFC0-4464-9C7E-BACF0A9DA8D8}
		{A4303C81-DA13-4918-93C0-CDEFB318CA39} = {A4303C81-DA13-4918-93C0-CDEFB318CA39}
		{A76BDF83-D326-4964-9AFC-9BD0F138DA76} = {A76BDF83-D326-4964-9AFC-9BD0F138DA76}
		{B37A4788-5A6E-4B94-A7B0-ADB28AB97618} = {B37A4788-5A6E-4B94-A7B0-ADB28AB97618}
		{6FEF829D-4D33-4470-941A-36FDFD20A5BA} = {6FEF829D-4D33-4470-941A-36FDFD20A5BA}
		{DD29C3C3-F1ED-48C2-B515-87907C93A60E} = {DD29C3C3-F1ED-48C2-B515-87907C93A60E}
		{699DB1E0-7507-42E3-B389-828C9F3D33AC} = {699DB1E0-7507-42E3-B389-828C9F3D33AC}
	EndProjectSection
EndProject
Project("{FAE04EC0-301F-11D3-BF4B-00C04F79EFBC}") = "WCFLABB1", "WCFLABB1\WCFLABB1.csproj", "{A76BDF83-D326-4964-9AFC-9BD0F138DA76}"
EndProject
Project("{FAE04EC0-301F-11D3-BF4B-00C04F79EFBC}") = "WCFLABB1upg2", "WCRLABB1upg2\WCFLABB1upg2.csproj", "{DD29C3C3-F1ED-48C2-B515-87907C93A60E}"
EndProject
Project("{FAE04EC0-301F-11D3-BF4B-00C04F79EFBC}") = "WCFLABB1upg3", "WCFLABB1upg3\WCFLABB1upg3.csproj", "{A4303C81-DA13-4918-93C0-CDEFB318CA39}"
EndProject
Project("{FAE04EC0-301F-11D3-BF4B-00C04F79EFBC}") = "WCFLABB1upg4", "WCFLABB1upg4\WCFLABB1upg4.csproj", "{6FEF829D-4D33-4470-941A-36FDFD20A5BA}"
EndProject
Project("{FAE04EC0-301F-11D3-BF4B-00C04F79EFBC}") = "WCFLABB1upg5", "WCFLABB1upg5\WCFLABB1upg5.csproj", "{8DCA9D00-F52A-4964-BC9A-B4363D368071}"
EndProject
Project("{FAE04EC0-301F-11D3-BF4B-00C04F79EFBC}") = "WCFLABB1upg6extras1", "WCFLABB1upg6extras1\WCFLABB1upg6extras1.csproj", "{B37A4788-5A6E-4B94-A7B0-ADB28AB97618}"
EndProject
Project("{FAE04EC0-301F-11D3-BF4B-00C04F79EFBC}") = "WCFLABB1upg6extras2", "WCFLABB1upg6extras2\WCFLABB1upg6extras2.csproj", "{0553DE28-FFC0-4464-9C7E-BACF0A9DA8D8}"
EndProject
Project("{FAE04EC0-301F-11D3-BF4B-00C04F79EFBC}") = "WCFLABB1upg6extras3", "WCFLABB1upg6extras3\WCFLABB1upg6extras3.csproj", "{699DB1E0-7507-42E3-B389-828C9F3D33AC}"
EndProject
Project("{2150E333-8FDC-42A3-9474-1A3956D46DE8}") = "Labb2Services", "Labb2Services", "{7FEC6BBA-AD45-4320-BDC5-DC9EFA81EA6C}"
EndProject
Project("{FAE04EC0-301F-11D3-BF4B-00C04F79EFBC}") = "BMIService", "BMIService\BMIService.csproj", "{E29F2D8C-5A51-4195-B766-E60DCC6B166E}"
EndProject
Project("{FAE04EC0-301F-11D3-BF4B-00C04F79EFBC}") = "AgeService", "AgeCheckerService\AgeService.csproj", "{BD759C79-FA27-4A80-95A7-B2B1B3D4E4BF}"
EndProject
Project("{FAE04EC0-301F-11D3-BF4B-00C04F79EFBC}") = "BMICounterHosting", "BMICounterHosting\BMICounterHosting.csproj", "{DE2AB8CB-6FA9-40DE-8744-0402D22DC760}"
EndProject
Project("{2150E333-8FDC-42A3-9474-1A3956D46DE8}") = "BMI", "BMI", "{DDA71E26-B762-4E72-B1A2-C7AF537223EA}"
EndProject
Project("{2150E333-8FDC-42A3-9474-1A3956D46DE8}") = "AgeChecker", "AgeChecker", "{BB1203EF-B32E-4539-9638-8685EB1332D7}"
EndProject
Project("{FAE04EC0-301F-11D3-BF4B-00C04F79EFBC}") = "AgeCheckerHosting", "AgeCheckerHosting\AgeCheckerHosting.csproj", "{29B8773B-BF79-43E6-B0C6-039F69EF5547}"
EndProject
Project("{2150E333-8FDC-42A3-9474-1A3956D46DE8}") = "DaysUntilNext1000DaysOld", "DaysUntilNext1000DaysOld", "{0C026AC8-A98B-4B21-888D-9169A6DF32B5}"
EndProject
Project("{FAE04EC0-301F-11D3-BF4B-00C04F79EFBC}") = "DaysUntilNextThousandDays", "DaysUntilNextThousandDays\DaysUntilNextThousandDays.csproj", "{3E06BD58-FD1B-4BFC-AF42-FD2B4F234498}"
EndProject
Project("{FAE04EC0-301F-11D3-BF4B-00C04F79EFBC}") = "DaysUntilNextHosting", "DaysUntilNextHosting\DaysUntilNextHosting.csproj", "{B6E8F582-AC34-4C74-9F6A-C835455C8CBE}"
EndProject
Project("{2150E333-8FDC-42A3-9474-1A3956D46DE8}") = "HobbyService", "HobbyService", "{448F4766-A316-4297-BF3D-4B482D80DC2F}"
EndProject
Project("{FAE04EC0-301F-11D3-BF4B-00C04F79EFBC}") = "CharacterGeneratorService", "CharacterGeneratorService\CharacterGeneratorService.csproj", "{3BA61D89-1157-42F9-9180-6F3AFD26BBF4}"
EndProject
Project("{FAE04EC0-301F-11D3-BF4B-00C04F79EFBC}") = "CharacterGeneratorHosting", "CharacterGeneratorHosting\CharacterGeneratorHosting.csproj", "{C559806C-3D55-4BAD-8B30-37C3FF4EC691}"
EndProject
Global
	GlobalSection(SolutionConfigurationPlatforms) = preSolution
		Debug|Any CPU = Debug|Any CPU
		Release|Any CPU = Release|Any CPU
	EndGlobalSection
	GlobalSection(ProjectConfigurationPlatforms) = postSolution
		{25F78497-4EDF-4547-BB0A-BB9E09BEC8AC}.Debug|Any CPU.ActiveCfg = Debug|Any CPU
		{25F78497-4EDF-4547-BB0A-BB9E09BEC8AC}.Debug|Any CPU.Build.0 = Debug|Any CPU
		{25F78497-4EDF-4547-BB0A-BB9E09BEC8AC}.Release|Any CPU.ActiveCfg = Release|Any CPU
		{25F78497-4EDF-4547-BB0A-BB9E09BEC8AC}.Release|Any CPU.Build.0 = Release|Any CPU
		{A76BDF83-D326-4964-9AFC-9BD0F138DA76}.Debug|Any CPU.ActiveCfg = Debug|Any CPU
		{A76BDF83-D326-4964-9AFC-9BD0F138DA76}.Debug|Any CPU.Build.0 = Debug|Any CPU
		{A76BDF83-D326-4964-9AFC-9BD0F138DA76}.Release|Any CPU.ActiveCfg = Release|Any CPU
		{A76BDF83-D326-4964-9AFC-9BD0F138DA76}.Release|Any CPU.Build.0 = Release|Any CPU
		{DD29C3C3-F1ED-48C2-B515-87907C93A60E}.Debug|Any CPU.ActiveCfg = Debug|Any CPU
		{DD29C3C3-F1ED-48C2-B515-87907C93A60E}.Debug|Any CPU.Build.0 = Debug|Any CPU
		{DD29C3C3-F1ED-48C2-B515-87907C93A60E}.Release|Any CPU.ActiveCfg = Release|Any CPU
		{DD29C3C3-F1ED-48C2-B515-87907C93A60E}.Release|Any CPU.Build.0 = Release|Any CPU
		{A4303C81-DA13-4918-93C0-CDEFB318CA39}.Debug|Any CPU.ActiveCfg = Debug|Any CPU
		{A4303C81-DA13-4918-93C0-CDEFB318CA39}.Debug|Any CPU.Build.0 = Debug|Any CPU
		{A4303C81-DA13-4918-93C0-CDEFB318CA39}.Release|Any CPU.ActiveCfg = Release|Any CPU
		{A4303C81-DA13-4918-93C0-CDEFB318CA39}.Release|Any CPU.Build.0 = Release|Any CPU
		{6FEF829D-4D33-4470-941A-36FDFD20A5BA}.Debug|Any CPU.ActiveCfg = Debug|Any CPU
		{6FEF829D-4D33-4470-941A-36FDFD20A5BA}.Debug|Any CPU.Build.0 = Debug|Any CPU
		{6FEF829D-4D33-4470-941A-36FDFD20A5BA}.Release|Any CPU.ActiveCfg = Release|Any CPU
		{6FEF829D-4D33-4470-941A-36FDFD20A5BA}.Release|Any CPU.Build.0 = Release|Any CPU
		{8DCA9D00-F52A-4964-BC9A-B4363D368071}.Debug|Any CPU.ActiveCfg = Debug|Any CPU
		{8DCA9D00-F52A-4964-BC9A-B4363D368071}.Debug|Any CPU.Build.0 = Debug|Any CPU
		{8DCA9D00-F52A-4964-BC9A-B4363D368071}.Release|Any CPU.ActiveCfg = Release|Any CPU
		{8DCA9D00-F52A-4964-BC9A-B4363D368071}.Release|Any CPU.Build.0 = Release|Any CPU
		{B37A4788-5A6E-4B94-A7B0-ADB28AB97618}.Debug|Any CPU.ActiveCfg = Debug|Any CPU
		{B37A4788-5A6E-4B94-A7B0-ADB28AB97618}.Debug|Any CPU.Build.0 = Debug|Any CPU
		{B37A4788-5A6E-4B94-A7B0-ADB28AB97618}.Release|Any CPU.ActiveCfg = Release|Any CPU
		{B37A4788-5A6E-4B94-A7B0-ADB28AB97618}.Release|Any CPU.Build.0 = Release|Any CPU
		{0553DE28-FFC0-4464-9C7E-BACF0A9DA8D8}.Debug|Any CPU.ActiveCfg = Debug|Any CPU
		{0553DE28-FFC0-4464-9C7E-BACF0A9DA8D8}.Debug|Any CPU.Build.0 = Debug|Any CPU
		{0553DE28-FFC0-4464-9C7E-BACF0A9DA8D8}.Release|Any CPU.ActiveCfg = Release|Any CPU
		{0553DE28-FFC0-4464-9C7E-BACF0A9DA8D8}.Release|Any CPU.Build.0 = Release|Any CPU
		{699DB1E0-7507-42E3-B389-828C9F3D33AC}.Debug|Any CPU.ActiveCfg = Debug|Any CPU
		{699DB1E0-7507-42E3-B389-828C9F3D33AC}.Debug|Any CPU.Build.0 = Debug|Any CPU
		{699DB1E0-7507-42E3-B389-828C9F3D33AC}.Release|Any CPU.ActiveCfg = Release|Any CPU
		{699DB1E0-7507-42E3-B389-828C9F3D33AC}.Release|Any CPU.Build.0 = Release|Any CPU
		{E29F2D8C-5A51-4195-B766-E60DCC6B166E}.Debug|Any CPU.ActiveCfg = Debug|Any CPU
		{E29F2D8C-5A51-4195-B766-E60DCC6B166E}.Debug|Any CPU.Build.0 = Debug|Any CPU
		{E29F2D8C-5A51-4195-B766-E60DCC6B166E}.Release|Any CPU.ActiveCfg = Release|Any CPU
		{E29F2D8C-5A51-4195-B766-E60DCC6B166E}.Release|Any CPU.Build.0 = Release|Any CPU
		{BD759C79-FA27-4A80-95A7-B2B1B3D4E4BF}.Debug|Any CPU.ActiveCfg = Debug|Any CPU
		{BD759C79-FA27-4A80-95A7-B2B1B3D4E4BF}.Debug|Any CPU.Build.0 = Debug|Any CPU
		{BD759C79-FA27-4A80-95A7-B2B1B3D4E4BF}.Release|Any CPU.ActiveCfg = Release|Any CPU
		{BD759C79-FA27-4A80-95A7-B2B1B3D4E4BF}.Release|Any CPU.Build.0 = Release|Any CPU
		{DE2AB8CB-6FA9-40DE-8744-0402D22DC760}.Debug|Any CPU.ActiveCfg = Debug|Any CPU
		{DE2AB8CB-6FA9-40DE-8744-0402D22DC760}.Debug|Any CPU.Build.0 = Debug|Any CPU
		{DE2AB8CB-6FA9-40DE-8744-0402D22DC760}.Release|Any CPU.ActiveCfg = Release|Any CPU
		{DE2AB8CB-6FA9-40DE-8744-0402D22DC760}.Release|Any CPU.Build.0 = Release|Any CPU
		{29B8773B-BF79-43E6-B0C6-039F69EF5547}.Debug|Any CPU.ActiveCfg = Debug|Any CPU
		{29B8773B-BF79-43E6-B0C6-039F69EF5547}.Debug|Any CPU.Build.0 = Debug|Any CPU
		{29B8773B-BF79-43E6-B0C6-039F69EF5547}.Release|Any CPU.ActiveCfg = Release|Any CPU
		{29B8773B-BF79-43E6-B0C6-039F69EF5547}.Release|Any CPU.Build.0 = Release|Any CPU
		{3E06BD58-FD1B-4BFC-AF42-FD2B4F234498}.Debug|Any CPU.ActiveCfg = Debug|Any CPU
		{3E06BD58-FD1B-4BFC-AF42-FD2B4F234498}.Debug|Any CPU.Build.0 = Debug|Any CPU
		{3E06BD58-FD1B-4BFC-AF42-FD2B4F234498}.Release|Any CPU.ActiveCfg = Release|Any CPU
		{3E06BD58-FD1B-4BFC-AF42-FD2B4F234498}.Release|Any CPU.Build.0 = Release|Any CPU
		{B6E8F582-AC34-4C74-9F6A-C835455C8CBE}.Debug|Any CPU.ActiveCfg = Debug|Any CPU
		{B6E8F582-AC34-4C74-9F6A-C835455C8CBE}.Debug|Any CPU.Build.0 = Debug|Any CPU
		{B6E8F582-AC34-4C74-9F6A-C835455C8CBE}.Release|Any CPU.ActiveCfg = Release|Any CPU
		{B6E8F582-AC34-4C74-9F6A-C835455C8CBE}.Release|Any CPU.Build.0 = Release|Any CPU
		{3BA61D89-1157-42F9-9180-6F3AFD26BBF4}.Debug|Any CPU.ActiveCfg = Debug|Any CPU
		{3BA61D89-1157-42F9-9180-6F3AFD26BBF4}.Debug|Any CPU.Build.0 = Debug|Any CPU
		{3BA61D89-1157-42F9-9180-6F3AFD26BBF4}.Release|Any CPU.ActiveCfg = Release|Any CPU
		{3BA61D89-1157-42F9-9180-6F3AFD26BBF4}.Release|Any CPU.Build.0 = Release|Any CPU
		{C559806C-3D55-4BAD-8B30-37C3FF4EC691}.Debug|Any CPU.ActiveCfg = Debug|Any CPU
		{C559806C-3D55-4BAD-8B30-37C3FF4EC691}.Debug|Any CPU.Build.0 = Debug|Any CPU
		{C559806C-3D55-4BAD-8B30-37C3FF4EC691}.Release|Any CPU.ActiveCfg = Release|Any CPU
		{C559806C-3D55-4BAD-8B30-37C3FF4EC691}.Release|Any CPU.Build.0 = Release|Any CPU
	EndGlobalSection
	GlobalSection(SolutionProperties) = preSolution
		HideSolutionNode = FALSE
	EndGlobalSection
	GlobalSection(NestedProjects) = preSolution
		{A76BDF83-D326-4964-9AFC-9BD0F138DA76} = {3F06E026-C2C3-4A4E-8DD5-768E73EE0C5F}
		{DD29C3C3-F1ED-48C2-B515-87907C93A60E} = {3F06E026-C2C3-4A4E-8DD5-768E73EE0C5F}
		{A4303C81-DA13-4918-93C0-CDEFB318CA39} = {3F06E026-C2C3-4A4E-8DD5-768E73EE0C5F}
		{6FEF829D-4D33-4470-941A-36FDFD20A5BA} = {3F06E026-C2C3-4A4E-8DD5-768E73EE0C5F}
		{8DCA9D00-F52A-4964-BC9A-B4363D368071} = {3F06E026-C2C3-4A4E-8DD5-768E73EE0C5F}
		{B37A4788-5A6E-4B94-A7B0-ADB28AB97618} = {3F06E026-C2C3-4A4E-8DD5-768E73EE0C5F}
		{0553DE28-FFC0-4464-9C7E-BACF0A9DA8D8} = {3F06E026-C2C3-4A4E-8DD5-768E73EE0C5F}
		{699DB1E0-7507-42E3-B389-828C9F3D33AC} = {3F06E026-C2C3-4A4E-8DD5-768E73EE0C5F}
		{E29F2D8C-5A51-4195-B766-E60DCC6B166E} = {DDA71E26-B762-4E72-B1A2-C7AF537223EA}
		{BD759C79-FA27-4A80-95A7-B2B1B3D4E4BF} = {BB1203EF-B32E-4539-9638-8685EB1332D7}
		{DE2AB8CB-6FA9-40DE-8744-0402D22DC760} = {DDA71E26-B762-4E72-B1A2-C7AF537223EA}
		{DDA71E26-B762-4E72-B1A2-C7AF537223EA} = {7FEC6BBA-AD45-4320-BDC5-DC9EFA81EA6C}
		{BB1203EF-B32E-4539-9638-8685EB1332D7} = {7FEC6BBA-AD45-4320-BDC5-DC9EFA81EA6C}
		{29B8773B-BF79-43E6-B0C6-039F69EF5547} = {BB1203EF-B32E-4539-9638-8685EB1332D7}
		{0C026AC8-A98B-4B21-888D-9169A6DF32B5} = {7FEC6BBA-AD45-4320-BDC5-DC9EFA81EA6C}
		{3E06BD58-FD1B-4BFC-AF42-FD2B4F234498} = {0C026AC8-A98B-4B21-888D-9169A6DF32B5}
		{B6E8F582-AC34-4C74-9F6A-C835455C8CBE} = {0C026AC8-A98B-4B21-888D-9169A6DF32B5}
		{448F4766-A316-4297-BF3D-4B482D80DC2F} = {7FEC6BBA-AD45-4320-BDC5-DC9EFA81EA6C}
		{3BA61D89-1157-42F9-9180-6F3AFD26BBF4} = {448F4766-A316-4297-BF3D-4B482D80DC2F}
		{C559806C-3D55-4BAD-8B30-37C3FF4EC691} = {448F4766-A316-4297-BF3D-4B482D80DC2F}
	EndGlobalSection
EndGlobal
