
Microsoft Visual Studio Solution File, Format Version 12.00
# Visual Studio 14
VisualStudioVersion = 14.0.23107.0
MinimumVisualStudioVersion = 10.0.40219.1
Project("{2150E333-8FDC-42A3-9474-1A3956D46DE8}") = "Services", "Services", "{3F06E026-C2C3-4A4E-8DD5-768E73EE0C5F}"
EndProject
Project("{FAE04EC0-301F-11D3-BF4B-00C04F79EFBC}") = "LABB1Client", "LABB1Client\LABB1Client.csproj", "{25F78497-4EDF-4547-BB0A-BB9E09BEC8AC}"
	ProjectSection(ProjectDependencies) = postProject
		{8DCA9D00-F52A-4964-BC9A-B4363D368071} = {8DCA9D00-F52A-4964-BC9A-B4363D368071}
		{0553DE28-FFC0-4464-9C7E-BACF0A9DA8D8} = {0553DE28-FFC0-4464-9C7E-BACF0A9DA8D8}
		{A4303C81-DA13-4918-93C0-CDEFB318CA39} = {A4303C81-DA13-4918-93C0-CDEFB318CA39}
		{A76BDF83-D326-4964-9AFC-9BD0F138DA76} = {A76BDF83-D326-4964-9AFC-9BD0F138DA76}
		{B37A4788-5A6E-4B94-A7B0-ADB28AB97618} = {B37A4788-5A6E-4B94-A7B0-ADB28AB97618}
		{6FEF829D-4D33-4470-941A-36FDFD20A5BA} = {6FEF829D-4D33-4470-941A-36FDFD20A5BA}
		{DD29C3C3-F1ED-48C2-B515-87907C93A60E} = {DD29C3C3-F1ED-48C2-B515-87907C93A60E}
		{699DB1E0-7507-42E3-B389-828C9F3D33AC} = {699DB1E0-7507-42E3-B389-828C9F3D33AC}
	EndProjectSection
EndProject
Project("{FAE04EC0-301F-11D3-BF4B-00C04F79EFBC}") = "WCFLABB1", "WCFLABB1\WCFLABB1.csproj", "{A76BDF83-D326-4964-9AFC-9BD0F138DA76}"
EndProject
Project("{FAE04EC0-301F-11D3-BF4B-00C04F79EFBC}") = "WCFLABB1upg2", "WCRLABB1upg2\WCFLABB1upg2.csproj", "{DD29C3C3-F1ED-48C2-B515-87907C93A60E}"
EndProject
Project("{FAE04EC0-301F-11D3-BF4B-00C04F79EFBC}") = "WCFLABB1upg3", "WCFLABB1upg3\WCFLABB1upg3.csproj", "{A4303C81-DA13-4918-93C0-CDEFB318CA39}"
EndProject
Project("{FAE04EC0-301F-11D3-BF4B-00C04F79EFBC}") = "WCFLABB1upg4", "WCFLABB1upg4\WCFLABB1upg4.csproj", "{6FEF829D-4D33-4470-941A-36FDFD20A5BA}"
EndProject
Project("{FAE04EC0-301F-11D3-BF4B-00C04F79EFBC}") = "WCFLABB1upg5", "WCFLABB1upg5\WCFLABB1upg5.csproj", "{8DCA9D00-F52A-4964-BC9A-B4363D368071}"
EndProject
Project("{FAE04EC0-301F-11D3-BF4B-00C04F79EFBC}") = "WCFLABB1upg6extras1", "WCFLABB1upg6extras1\WCFLABB1upg6extras1.csproj", "{B37A4788-5A6E-4B94-A7B0-ADB28AB97618}"
EndProject
Project("{FAE04EC0-301F-11D3-BF4B-00C04F79EFBC}") = "WCFLABB1upg6extras2", "WCFLABB1upg6extras2\WCFLABB1upg6extras2.csproj", "{0553DE28-FFC0-4464-9C7E-BACF0A9DA8D8}"
EndProject
Project("{FAE04EC0-301F-11D3-BF4B-00C04F79EFBC}") = "WCFLABB1upg6extras3", "WCFLABB1upg6extras3\WCFLABB1upg6extras3.csproj", "{699DB1E0-7507-42E3-B389-828C9F3D33AC}"
EndProject
Project("{2150E333-8FDC-42A3-9474-1A3956D46DE8}") = "Labb2Services", "Labb2Services", "{7FEC6BBA-AD45-4320-BDC5-DC9EFA81EA6C}"
EndProject
Project("{FAE04EC0-301F-11D3-BF4B-00C04F79EFBC}") = "BMIService", "BMIService\BMIService.csproj", "{E29F2D8C-5A51-4195-B766-E60DCC6B166E}"
EndProject
Project("{FAE04EC0-301F-11D3-BF4B-00C04F79EFBC}") = "AgeCheckerService", "AgeCheckerService\AgeCheckerService.csproj", "{BD759C79-FA27-4A80-95A7-B2B1B3D4E4BF}"
EndProject
Global
	GlobalSection(SolutionConfigurationPlatforms) = preSolution
		Debug|Any CPU = Debug|Any CPU
		Release|Any CPU = Release|Any CPU
	EndGlobalSection
	GlobalSection(ProjectConfigurationPlatforms) = postSolution
		{25F78497-4EDF-4547-BB0A-BB9E09BEC8AC}.Debug|Any CPU.ActiveCfg = Debug|Any CPU
		{25F78497-4EDF-4547-BB0A-BB9E09BEC8AC}.Debug|Any CPU.Build.0 = Debug|Any CPU
		{25F78497-4EDF-4547-BB0A-BB9E09BEC8AC}.Release|Any CPU.ActiveCfg = Release|Any CPU
		{25F78497-4EDF-4547-BB0A-BB9E09BEC8AC}.Release|Any CPU.Build.0 = Release|Any CPU
		{A76BDF83-D326-4964-9AFC-9BD0F138DA76}.Debug|Any CPU.ActiveCfg = Debug|Any CPU
		{A76BDF83-D326-4964-9AFC-9BD0F138DA76}.Debug|Any CPU.Build.0 = Debug|Any CPU
		{A76BDF83-D326-4964-9AFC-9BD0F138DA76}.Release|Any CPU.ActiveCfg = Release|Any CPU
		{A76BDF83-D326-4964-9AFC-9BD0F138DA76}.Release|Any CPU.Build.0 = Release|Any CPU
		{DD29C3C3-F1ED-48C2-B515-87907C93A60E}.Debug|Any CPU.ActiveCfg = Debug|Any CPU
		{DD29C3C3-F1ED-48C2-B515-87907C93A60E}.Debug|Any CPU.Build.0 = Debug|Any CPU
		{DD29C3C3-F1ED-48C2-B515-87907C93A60E}.Release|Any CPU.ActiveCfg = Release|Any CPU
		{DD29C3C3-F1ED-48C2-B515-87907C93A60E}.Release|Any CPU.Build.0 = Release|Any CPU
		{A4303C81-DA13-4918-93C0-CDEFB318CA39}.Debug|Any CPU.ActiveCfg = Debug|Any CPU
		{A4303C81-DA13-4918-93C0-CDEFB318CA39}.Debug|Any CPU.Build.0 = Debug|Any CPU
		{A4303C81-DA13-4918-93C0-CDEFB318CA39}.Release|Any CPU.ActiveCfg = Release|Any CPU
		{A4303C81-DA13-4918-93C0-CDEFB318CA39}.Release|Any CPU.Build.0 = Release|Any CPU
		{6FEF829D-4D33-4470-941A-36FDFD20A5BA}.Debug|Any CPU.ActiveCfg = Debug|Any CPU
		{6FEF829D-4D33-4470-941A-36FDFD20A5BA}.Debug|Any CPU.Build.0 = Debug|Any CPU
		{6FEF829D-4D33-4470-941A-36FDFD20A5BA}.Release|Any CPU.ActiveCfg = Release|Any CPU
		{6FEF829D-4D33-4470-941A-36FDFD20A5BA}.Release|Any CPU.Build.0 = Release|Any CPU
		{8DCA9D00-F52A-4964-BC9A-B4363D368071}.Debug|Any CPU.ActiveCfg = Debug|Any CPU
		{8DCA9D00-F52A-4964-BC9A-B4363D368071}.Debug|Any CPU.Build.0 = Debug|Any CPU
		{8DCA9D00-F52A-4964-BC9A-B4363D368071}.Release|Any CPU.ActiveCfg = Release|Any CPU
		{8DCA9D00-F52A-4964-BC9A-B4363D368071}.Release|Any CPU.Build.0 = Release|Any CPU
		{B37A4788-5A6E-4B94-A7B0-ADB28AB97618}.Debug|Any CPU.ActiveCfg = Debug|Any CPU
		{B37A4788-5A6E-4B94-A7B0-ADB28AB97618}.Debug|Any CPU.Build.0 = Debug|Any CPU
		{B37A4788-5A6E-4B94-A7B0-ADB28AB97618}.Release|Any CPU.ActiveCfg = Release|Any CPU
		{B37A4788-5A6E-4B94-A7B0-ADB28AB97618}.Release|Any CPU.Build.0 = Release|Any CPU
		{0553DE28-FFC0-4464-9C7E-BACF0A9DA8D8}.Debug|Any CPU.ActiveCfg = Debug|Any CPU
		{0553DE28-FFC0-4464-9C7E-BACF0A9DA8D8}.Debug|Any CPU.Build.0 = Debug|Any CPU
		{0553DE28-FFC0-4464-9C7E-BACF0A9DA8D8}.Release|Any CPU.ActiveCfg = Release|Any CPU
		{0553DE28-FFC0-4464-9C7E-BACF0A9DA8D8}.Release|Any CPU.Build.0 = Release|Any CPU
		{699DB1E0-7507-42E3-B389-828C9F3D33AC}.Debug|Any CPU.ActiveCfg = Debug|Any CPU
		{699DB1E0-7507-42E3-B389-828C9F3D33AC}.Debug|Any CPU.Build.0 = Debug|Any CPU
		{699DB1E0-7507-42E3-B389-828C9F3D33AC}.Release|Any CPU.ActiveCfg = Release|Any CPU
		{699DB1E0-7507-42E3-B389-828C9F3D33AC}.Release|Any CPU.Build.0 = Release|Any CPU
		{E29F2D8C-5A51-4195-B766-E60DCC6B166E}.Debug|Any CPU.ActiveCfg = Debug|Any CPU
		{E29F2D8C-5A51-4195-B766-E60DCC6B166E}.Debug|Any CPU.Build.0 = Debug|Any CPU
		{E29F2D8C-5A51-4195-B766-E60DCC6B166E}.Release|Any CPU.ActiveCfg = Release|Any CPU
		{E29F2D8C-5A51-4195-B766-E60DCC6B166E}.Release|Any CPU.Build.0 = Release|Any CPU
		{BD759C79-FA27-4A80-95A7-B2B1B3D4E4BF}.Debug|Any CPU.ActiveCfg = Debug|Any CPU
		{BD759C79-FA27-4A80-95A7-B2B1B3D4E4BF}.Debug|Any CPU.Build.0 = Debug|Any CPU
		{BD759C79-FA27-4A80-95A7-B2B1B3D4E4BF}.Release|Any CPU.ActiveCfg = Release|Any CPU
		{BD759C79-FA27-4A80-95A7-B2B1B3D4E4BF}.Release|Any CPU.Build.0 = Release|Any CPU
	EndGlobalSection
	GlobalSection(SolutionProperties) = preSolution
		HideSolutionNode = FALSE
	EndGlobalSection
	GlobalSection(NestedProjects) = preSolution
		{A76BDF83-D326-4964-9AFC-9BD0F138DA76} = {3F06E026-C2C3-4A4E-8DD5-768E73EE0C5F}
		{DD29C3C3-F1ED-48C2-B515-87907C93A60E} = {3F06E026-C2C3-4A4E-8DD5-768E73EE0C5F}
		{A4303C81-DA13-4918-93C0-CDEFB318CA39} = {3F06E026-C2C3-4A4E-8DD5-768E73EE0C5F}
		{6FEF829D-4D33-4470-941A-36FDFD20A5BA} = {3F06E026-C2C3-4A4E-8DD5-768E73EE0C5F}
		{8DCA9D00-F52A-4964-BC9A-B4363D368071} = {3F06E026-C2C3-4A4E-8DD5-768E73EE0C5F}
		{B37A4788-5A6E-4B94-A7B0-ADB28AB97618} = {3F06E026-C2C3-4A4E-8DD5-768E73EE0C5F}
		{0553DE28-FFC0-4464-9C7E-BACF0A9DA8D8} = {3F06E026-C2C3-4A4E-8DD5-768E73EE0C5F}
		{699DB1E0-7507-42E3-B389-828C9F3D33AC} = {3F06E026-C2C3-4A4E-8DD5-768E73EE0C5F}
		{E29F2D8C-5A51-4195-B766-E60DCC6B166E} = {7FEC6BBA-AD45-4320-BDC5-DC9EFA81EA6C}
		{BD759C79-FA27-4A80-95A7-B2B1B3D4E4BF} = {7FEC6BBA-AD45-4320-BDC5-DC9EFA81EA6C}
	EndGlobalSection
EndGlobal
